schema: '2.0'
stages:
  train:
    cmd: python src/models/train_model.py
    deps:
    - path: data/preprocessed
      hash: md5
      md5: 4ab85b8f2746b8bca96444f02d12bebc.dir
      size: 5991715
      nfiles: 4
    - path: src/models/train_model.py
      hash: md5
      md5: c1bf9ff9e6ee89080ca0715b90746c1e
      size: 2919
    outs:
    - path: src/models/trained_model.joblib
      hash: md5
      md5: 87ec4eccc2f8863d06ee8317f6dcb6ab
      size: 272777
  evaluate:
    cmd: python src/models/evaluate_model.py
    deps:
    - path: src/models/evaluate_model.py
      hash: md5
      md5: 0fd12d12aa98ba595aec4d6e13c503f6
      size: 3059
    - path: src/models/trained_model.joblib
      hash: md5
      md5: 87ec4eccc2f8863d06ee8317f6dcb6ab
      size: 272777
    outs:
    - path: metrics/evaluation_metrics.json
      hash: md5
      md5: d4292847fa41db61f3849367f41a3a04
      size: 150
  import_data:
    cmd: python src/data/import_raw_data.py
    outs:
    - path: data/raw
      hash: md5
      md5: 90c3e04bb8fa1558eb70f9096b5b6010.dir
      size: 31082914
      nfiles: 4
  preprocess:
    cmd: python src/data/make_dataset.py
    deps:
    - path: data/raw
      hash: md5
      md5: 90c3e04bb8fa1558eb70f9096b5b6010.dir
      size: 31082914
      nfiles: 4
    - path: src/data/make_dataset.py
      hash: md5
      md5: 97b9c33d51325745a01d13f03be99f92
      size: 6852
    outs:
    - path: data/preprocessed
      hash: md5
      md5: 4ab85b8f2746b8bca96444f02d12bebc.dir
      size: 5991715
      nfiles: 4
