schema: '2.0'
stages:
  train:
    cmd: python src/models/train_model.py
    deps:
    - path: data/preprocessed
      hash: md5
      md5: 4ab85b8f2746b8bca96444f02d12bebc.dir
      size: 5991715
      nfiles: 4
    - path: src/models/train_model.py
      hash: md5
      md5: 91c73f027a6727db7314257db3e0e6ab
      size: 3099
    outs:
    - path: src/models/trained_model.joblib
      hash: md5
      md5: ffef0d3a60508b6f1c861745f94f014b
      size: 273769
  evaluate:
    cmd: python src/models/evaluate_model.py
    deps:
    - path: src/models/evaluate_model.py
      hash: md5
      md5: 14f859f26efc8f8e3b7bbee2d3335a61
      size: 3044
    - path: src/models/trained_model.joblib
      hash: md5
      md5: ffef0d3a60508b6f1c861745f94f014b
      size: 273769
    outs:
    - path: metrics/evaluation_metrics.json
      hash: md5
      md5: 5ad07378afbbe99e4f1291c82c25c342
      size: 150
  import_data:
    cmd: python src/data/import_raw_data.py
    outs:
    - path: data/raw
      hash: md5
      md5: 90c3e04bb8fa1558eb70f9096b5b6010.dir
      size: 31082914
      nfiles: 4
  preprocess:
    cmd: python src/data/make_dataset.py
    deps:
    - path: data/raw
      hash: md5
      md5: 90c3e04bb8fa1558eb70f9096b5b6010.dir
      size: 31082914
      nfiles: 4
    - path: src/data/make_dataset.py
      hash: md5
      md5: 97b9c33d51325745a01d13f03be99f92
      size: 6852
    outs:
    - path: data/preprocessed
      hash: md5
      md5: 4ab85b8f2746b8bca96444f02d12bebc.dir
      size: 5991715
      nfiles: 4
